{
  "name": "drupal-cli-playground",
  "lockfileVersion": 3,
  "requires": true,
  "packages": {
    "": {
      "name": "drupal-cli-playground",
      "dependencies": {
        "drupal-cli": "file:.."
      }
    },
    "..": {
      "version": "0.0.0",
      "dependencies": {
        "commander": "^12.1.0",
        "drupal-jsonapi-params": "^3.0.1",
        "js-yaml": "^4.1.0",
        "open": "^11.0.0"
      },
      "bin": {
        "drupal-cli": "bin/drupal-cli"
      },
      "devDependencies": {
        "@types/js-yaml": "^4.0.9",
        "@types/node": "^20.14.0",
        "tsx": "^4.19.0",
        "typescript": "^5.6.0",
        "vitest": "^2.1.0"
      },
      "engines": {
        "node": ">=20"
      }
    },
    "node_modules/drupal-cli": {
      "resolved": "..",
      "link": true
    }
  }
}
